Microsoft Visual Studio Solution File, Format Version 12.00
# Visual Studio Version 17
VisualStudioVersion = 17.5.2.0
MinimumVisualStudioVersion = 10.0.40219.1
Project("{FAE04EC0-301F-11D3-BF4B-00C04F79EFBC}") = "12-Azure-App-Settings", "12-Azure-App-Settings.csproj", "{A39C8A89-18E2-75D3-1F36-6C3061357966}"
EndProject
Global
	GlobalSection(SolutionConfigurationPlatforms) = preSolution
		Debug|Any CPU = Debug|Any CPU
		Release|Any CPU = Release|Any CPU
	EndGlobalSection
	GlobalSection(ProjectConfigurationPlatforms) = postSolution
		{A39C8A89-18E2-75D3-1F36-6C3061357966}.Debug|Any CPU.ActiveCfg = Debug|Any CPU
		{A39C8A89-18E2-75D3-1F36-6C3061357966}.Debug|Any CPU.Build.0 = Debug|Any CPU
		{A39C8A89-18E2-75D3-1F36-6C3061357966}.Release|Any CPU.ActiveCfg = Release|Any CPU
		{A39C8A89-18E2-75D3-1F36-6C3061357966}.Release|Any CPU.Build.0 = Release|Any CPU
	EndGlobalSection
	GlobalSection(SolutionProperties) = preSolution
		HideSolutionNode = FALSE
	EndGlobalSection
	GlobalSection(ExtensibilityGlobals) = postSolution
		SolutionGuid = {A21825AB-13D7-44C8-A679-4D434EDD8927}
	EndGlobalSection
EndGlobal
